
Microsoft Visual Studio Solution File, Format Version 12.00
# Visual Studio Version 17
VisualStudioVersion = 17.8.34408.163
MinimumVisualStudioVersion = 10.0.40219.1
Project("{FAE04EC0-301F-11D3-BF4B-00C04F79EFBC}") = "Quiz.Api", "Quiz.Api\Quiz.Api.csproj", "{9C0EF018-76B9-471A-839E-5443AAFA23EC}"
EndProject
Project("{FAE04EC0-301F-11D3-BF4B-00C04F79EFBC}") = "Quiz.Core", "Quiz.Core\Quiz.Core.csproj", "{B8219640-F6EF-436D-9ABE-4990021239EA}"
EndProject
Project("{FAE04EC0-301F-11D3-BF4B-00C04F79EFBC}") = "Quiz.Domain", "Quiz.Domain\Quiz.Domain.csproj", "{4A2C0731-EE10-46E6-84C8-DE2A8605BBDD}"
EndProject
Project("{FAE04EC0-301F-11D3-BF4B-00C04F79EFBC}") = "Quiz.Infrastructure", "Quiz.Infrastructure\Quiz.Infrastructure.csproj", "{1203C8A2-3B89-4CE4-A8FF-07322C31A956}"
EndProject
Global
	GlobalSection(SolutionConfigurationPlatforms) = preSolution
		Debug|Any CPU = Debug|Any CPU
		Release|Any CPU = Release|Any CPU
	EndGlobalSection
	GlobalSection(ProjectConfigurationPlatforms) = postSolution
		{9C0EF018-76B9-471A-839E-5443AAFA23EC}.Debug|Any CPU.ActiveCfg = Debug|Any CPU
		{9C0EF018-76B9-471A-839E-5443AAFA23EC}.Debug|Any CPU.Build.0 = Debug|Any CPU
		{9C0EF018-76B9-471A-839E-5443AAFA23EC}.Release|Any CPU.ActiveCfg = Release|Any CPU
		{9C0EF018-76B9-471A-839E-5443AAFA23EC}.Release|Any CPU.Build.0 = Release|Any CPU
		{B8219640-F6EF-436D-9ABE-4990021239EA}.Debug|Any CPU.ActiveCfg = Debug|Any CPU
		{B8219640-F6EF-436D-9ABE-4990021239EA}.Debug|Any CPU.Build.0 = Debug|Any CPU
		{B8219640-F6EF-436D-9ABE-4990021239EA}.Release|Any CPU.ActiveCfg = Release|Any CPU
		{B8219640-F6EF-436D-9ABE-4990021239EA}.Release|Any CPU.Build.0 = Release|Any CPU
		{4A2C0731-EE10-46E6-84C8-DE2A8605BBDD}.Debug|Any CPU.ActiveCfg = Debug|Any CPU
		{4A2C0731-EE10-46E6-84C8-DE2A8605BBDD}.Debug|Any CPU.Build.0 = Debug|Any CPU
		{4A2C0731-EE10-46E6-84C8-DE2A8605BBDD}.Release|Any CPU.ActiveCfg = Release|Any CPU
		{4A2C0731-EE10-46E6-84C8-DE2A8605BBDD}.Release|Any CPU.Build.0 = Release|Any CPU
		{1203C8A2-3B89-4CE4-A8FF-07322C31A956}.Debug|Any CPU.ActiveCfg = Debug|Any CPU
		{1203C8A2-3B89-4CE4-A8FF-07322C31A956}.Debug|Any CPU.Build.0 = Debug|Any CPU
		{1203C8A2-3B89-4CE4-A8FF-07322C31A956}.Release|Any CPU.ActiveCfg = Release|Any CPU
		{1203C8A2-3B89-4CE4-A8FF-07322C31A956}.Release|Any CPU.Build.0 = Release|Any CPU
	EndGlobalSection
	GlobalSection(SolutionProperties) = preSolution
		HideSolutionNode = FALSE
	EndGlobalSection
	GlobalSection(ExtensibilityGlobals) = postSolution
		SolutionGuid = {5B2948D3-FF75-4A95-88CE-89C5EEA8C276}
	EndGlobalSection
EndGlobal
